Microsoft Visual Studio Solution File, Format Version 12.00
# Visual Studio 2012
Project("{FAE04EC0-301F-11D3-BF4B-00C04F79EFBC}") = "Project Fase 1 Sem 2", "Project Fase 1 Sem 2.csproj", "{BE5E4586-8BBE-409A-9938-11F464642868}"
EndProject
Global
	GlobalSection(SolutionConfigurationPlatforms) = preSolution
	Debug|Any CPU = Debug|Any CPU
	ExportDebug|Any CPU = ExportDebug|Any CPU
	ExportRelease|Any CPU = ExportRelease|Any CPU
	EndGlobalSection
	GlobalSection(ProjectConfigurationPlatforms) = postSolution
		{BE5E4586-8BBE-409A-9938-11F464642868}.Debug|Any CPU.ActiveCfg = Debug|Any CPU
		{BE5E4586-8BBE-409A-9938-11F464642868}.Debug|Any CPU.Build.0 = Debug|Any CPU
		{BE5E4586-8BBE-409A-9938-11F464642868}.ExportDebug|Any CPU.ActiveCfg = ExportDebug|Any CPU
		{BE5E4586-8BBE-409A-9938-11F464642868}.ExportDebug|Any CPU.Build.0 = ExportDebug|Any CPU
		{BE5E4586-8BBE-409A-9938-11F464642868}.ExportRelease|Any CPU.ActiveCfg = ExportRelease|Any CPU
		{BE5E4586-8BBE-409A-9938-11F464642868}.ExportRelease|Any CPU.Build.0 = ExportRelease|Any CPU
	EndGlobalSection
EndGlobal
